// !$*UTF8*$!
{
	archiveVersion = 1;
	classes = {
	};
	objectVersion = 46;
	objects = {

/* Begin PBXBuildFile section */
		5FB175EB1A87A76900753357 /* Foundation.framework in Frameworks */ = {isa = PBXBuildFile; fileRef = 5FB175EA1A87A76900753357 /* Foundation.framework */; };
		5FB175ED1A87A76900753357 /* CoreGraphics.framework in Frameworks */ = {isa = PBXBuildFile; fileRef = 5FB175EC1A87A76900753357 /* CoreGraphics.framework */; };
		5FB175EF1A87A76900753357 /* UIKit.framework in Frameworks */ = {isa = PBXBuildFile; fileRef = 5FB175EE1A87A76900753357 /* UIKit.framework */; };
		5FB175F51A87A76900753357 /* InfoPlist.strings in Resources */ = {isa = PBXBuildFile; fileRef = 5FB175F31A87A76900753357 /* InfoPlist.strings */; };
		5FB175F71A87A76900753357 /* main.m in Sources */ = {isa = PBXBuildFile; fileRef = 5FB175F61A87A76900753357 /* main.m */; };
		5FB175FB1A87A76900753357 /* AppDelegate.m in Sources */ = {isa = PBXBuildFile; fileRef = 5FB175FA1A87A76900753357 /* AppDelegate.m */; };
		5FB175FD1A87A76900753357 /* Images.xcassets in Resources */ = {isa = PBXBuildFile; fileRef = 5FB175FC1A87A76900753357 /* Images.xcassets */; };
		5FB176041A87A76900753357 /* XCTest.framework in Frameworks */ = {isa = PBXBuildFile; fileRef = 5FB176031A87A76900753357 /* XCTest.framework */; };
		5FB176051A87A76900753357 /* Foundation.framework in Frameworks */ = {isa = PBXBuildFile; fileRef = 5FB175EA1A87A76900753357 /* Foundation.framework */; };
		5FB176061A87A76900753357 /* UIKit.framework in Frameworks */ = {isa = PBXBuildFile; fileRef = 5FB175EE1A87A76900753357 /* UIKit.framework */; };
		5FB1760E1A87A76900753357 /* InfoPlist.strings in Resources */ = {isa = PBXBuildFile; fileRef = 5FB1760C1A87A76900753357 /* InfoPlist.strings */; };
		5FB176101A87A76900753357 /* EmptyApplicationTests.m in Sources */ = {isa = PBXBuildFile; fileRef = 5FB1760F1A87A76900753357 /* EmptyApplicationTests.m */; };
		6811192C1A9EBD5D0038EA17 /* FirstTab.m in Sources */ = {isa = PBXBuildFile; fileRef = 6811192A1A9EBD5D0038EA17 /* FirstTab.m */; };
		6811192D1A9EBD5D0038EA17 /* FirstTab.xib in Resources */ = {isa = PBXBuildFile; fileRef = 6811192B1A9EBD5D0038EA17 /* FirstTab.xib */; };
		681119361A9EBD7B0038EA17 /* ThirdTab.m in Sources */ = {isa = PBXBuildFile; fileRef = 681119341A9EBD7B0038EA17 /* ThirdTab.m */; };
		681119371A9EBD7B0038EA17 /* ThirdTab.xib in Resources */ = {isa = PBXBuildFile; fileRef = 681119351A9EBD7B0038EA17 /* ThirdTab.xib */; };
		681119451A9ED0960038EA17 /* SecondTab.m in Sources */ = {isa = PBXBuildFile; fileRef = 681119431A9ED0960038EA17 /* SecondTab.m */; };
		681119461A9ED0960038EA17 /* SecondTab.xib in Resources */ = {isa = PBXBuildFile; fileRef = 681119441A9ED0960038EA17 /* SecondTab.xib */; };
		6811194A1A9ED30F0038EA17 /* AnotherThirdTab.m in Sources */ = {isa = PBXBuildFile; fileRef = 681119481A9ED30F0038EA17 /* AnotherThirdTab.m */; };
		6811194B1A9ED30F0038EA17 /* AnotherThirdTab.xib in Resources */ = {isa = PBXBuildFile; fileRef = 681119491A9ED30F0038EA17 /* AnotherThirdTab.xib */; };
/* End PBXBuildFile section */

/* Begin PBXContainerItemProxy section */
		5FB176071A87A76900753357 /* PBXContainerItemProxy */ = {
			isa = PBXContainerItemProxy;
			containerPortal = 5FB175DF1A87A76900753357 /* Project object */;
			proxyType = 1;
			remoteGlobalIDString = 5FB175E61A87A76900753357;
			remoteInfo = EmptyApplication;
		};
/* End PBXContainerItemProxy section */

/* Begin PBXFileReference section */
		5FB175E71A87A76900753357 /* EmptyApplication.app */ = {isa = PBXFileReference; explicitFileType = wrapper.application; includeInIndex = 0; path = EmptyApplication.app; sourceTree = BUILT_PRODUCTS_DIR; };
		5FB175EA1A87A76900753357 /* Foundation.framework */ = {isa = PBXFileReference; lastKnownFileType = wrapper.framework; name = Foundation.framework; path = System/Library/Frameworks/Foundation.framework; sourceTree = SDKROOT; };
		5FB175EC1A87A76900753357 /* CoreGraphics.framework */ = {isa = PBXFileReference; lastKnownFileType = wrapper.framework; name = CoreGraphics.framework; path = System/Library/Frameworks/CoreGraphics.framework; sourceTree = SDKROOT; };
		5FB175EE1A87A76900753357 /* UIKit.framework */ = {isa = PBXFileReference; lastKnownFileType = wrapper.framework; name = UIKit.framework; path = System/Library/Frameworks/UIKit.framework; sourceTree = SDKROOT; };
		5FB175F21A87A76900753357 /* EmptyApplication-Info.plist */ = {isa = PBXFileReference; lastKnownFileType = text.plist.xml; path = "EmptyApplication-Info.plist"; sourceTree = "<group>"; };
		5FB175F41A87A76900753357 /* en */ = {isa = PBXFileReference; lastKnownFileType = text.plist.strings; name = en; path = en.lproj/InfoPlist.strings; sourceTree = "<group>"; };
		5FB175F61A87A76900753357 /* main.m */ = {isa = PBXFileReference; lastKnownFileType = sourcecode.c.objc; path = main.m; sourceTree = "<group>"; };
		5FB175F81A87A76900753357 /* EmptyApplication-Prefix.pch */ = {isa = PBXFileReference; lastKnownFileType = sourcecode.c.h; path = "EmptyApplication-Prefix.pch"; sourceTree = "<group>"; };
		5FB175F91A87A76900753357 /* AppDelegate.h */ = {isa = PBXFileReference; lastKnownFileType = sourcecode.c.h; path = AppDelegate.h; sourceTree = "<group>"; };
		5FB175FA1A87A76900753357 /* AppDelegate.m */ = {isa = PBXFileReference; lastKnownFileType = sourcecode.c.objc; path = AppDelegate.m; sourceTree = "<group>"; };
		5FB175FC1A87A76900753357 /* Images.xcassets */ = {isa = PBXFileReference; lastKnownFileType = folder.assetcatalog; path = Images.xcassets; sourceTree = "<group>"; };
		5FB176021A87A76900753357 /* EmptyApplicationTests.xctest */ = {isa = PBXFileReference; explicitFileType = wrapper.cfbundle; includeInIndex = 0; path = EmptyApplicationTests.xctest; sourceTree = BUILT_PRODUCTS_DIR; };
		5FB176031A87A76900753357 /* XCTest.framework */ = {isa = PBXFileReference; lastKnownFileType = wrapper.framework; name = XCTest.framework; path = Library/Frameworks/XCTest.framework; sourceTree = DEVELOPER_DIR; };
		5FB1760B1A87A76900753357 /* EmptyApplicationTests-Info.plist */ = {isa = PBXFileReference; lastKnownFileType = text.plist.xml; path = "EmptyApplicationTests-Info.plist"; sourceTree = "<group>"; };
		5FB1760D1A87A76900753357 /* en */ = {isa = PBXFileReference; lastKnownFileType = text.plist.strings; name = en; path = en.lproj/InfoPlist.strings; sourceTree = "<group>"; };
		5FB1760F1A87A76900753357 /* EmptyApplicationTests.m */ = {isa = PBXFileReference; lastKnownFileType = sourcecode.c.objc; path = EmptyApplicationTests.m; sourceTree = "<group>"; };
		681119291A9EBD5D0038EA17 /* FirstTab.h */ = {isa = PBXFileReference; fileEncoding = 4; lastKnownFileType = sourcecode.c.h; path = FirstTab.h; sourceTree = "<group>"; };
		6811192A1A9EBD5D0038EA17 /* FirstTab.m */ = {isa = PBXFileReference; fileEncoding = 4; lastKnownFileType = sourcecode.c.objc; path = FirstTab.m; sourceTree = "<group>"; };
		6811192B1A9EBD5D0038EA17 /* FirstTab.xib */ = {isa = PBXFileReference; fileEncoding = 4; lastKnownFileType = file.xib; path = FirstTab.xib; sourceTree = "<group>"; };
		681119331A9EBD7B0038EA17 /* ThirdTab.h */ = {isa = PBXFileReference; fileEncoding = 4; lastKnownFileType = sourcecode.c.h; path = ThirdTab.h; sourceTree = "<group>"; };
		681119341A9EBD7B0038EA17 /* ThirdTab.m */ = {isa = PBXFileReference; fileEncoding = 4; lastKnownFileType = sourcecode.c.objc; path = ThirdTab.m; sourceTree = "<group>"; };
		681119351A9EBD7B0038EA17 /* ThirdTab.xib */ = {isa = PBXFileReference; fileEncoding = 4; lastKnownFileType = file.xib; path = ThirdTab.xib; sourceTree = "<group>"; };
		681119421A9ED0960038EA17 /* SecondTab.h */ = {isa = PBXFileReference; fileEncoding = 4; lastKnownFileType = sourcecode.c.h; path = SecondTab.h; sourceTree = "<group>"; };
		681119431A9ED0960038EA17 /* SecondTab.m */ = {isa = PBXFileReference; fileEncoding = 4; lastKnownFileType = sourcecode.c.objc; path = SecondTab.m; sourceTree = "<group>"; };
		681119441A9ED0960038EA17 /* SecondTab.xib */ = {isa = PBXFileReference; fileEncoding = 4; lastKnownFileType = file.xib; path = SecondTab.xib; sourceTree = "<group>"; };
		681119471A9ED30F0038EA17 /* AnotherThirdTab.h */ = {isa = PBXFileReference; fileEncoding = 4; lastKnownFileType = sourcecode.c.h; path = AnotherThirdTab.h; sourceTree = "<group>"; };
		681119481A9ED30F0038EA17 /* AnotherThirdTab.m */ = {isa = PBXFileReference; fileEncoding = 4; lastKnownFileType = sourcecode.c.objc; path = AnotherThirdTab.m; sourceTree = "<group>"; };
		681119491A9ED30F0038EA17 /* AnotherThirdTab.xib */ = {isa = PBXFileReference; fileEncoding = 4; lastKnownFileType = file.xib; path = AnotherThirdTab.xib; sourceTree = "<group>"; };
/* End PBXFileReference section */

/* Begin PBXFrameworksBuildPhase section */
		5FB175E41A87A76900753357 /* Frameworks */ = {
			isa = PBXFrameworksBuildPhase;
			buildActionMask = 2147483647;
			files = (
				5FB175ED1A87A76900753357 /* CoreGraphics.framework in Frameworks */,
				5FB175EF1A87A76900753357 /* UIKit.framework in Frameworks */,
				5FB175EB1A87A76900753357 /* Foundation.framework in Frameworks */,
			);
			runOnlyForDeploymentPostprocessing = 0;
		};
		5FB175FF1A87A76900753357 /* Frameworks */ = {
			isa = PBXFrameworksBuildPhase;
			buildActionMask = 2147483647;
			files = (
				5FB176041A87A76900753357 /* XCTest.framework in Frameworks */,
				5FB176061A87A76900753357 /* UIKit.framework in Frameworks */,
				5FB176051A87A76900753357 /* Foundation.framework in Frameworks */,
			);
			runOnlyForDeploymentPostprocessing = 0;
		};
/* End PBXFrameworksBuildPhase section */

/* Begin PBXGroup section */
		5FB175DE1A87A76900753357 = {
			isa = PBXGroup;
			children = (
				5FB175F01A87A76900753357 /* EmptyApplication */,
				5FB176091A87A76900753357 /* EmptyApplicationTests */,
				5FB175E91A87A76900753357 /* Frameworks */,
				5FB175E81A87A76900753357 /* Products */,
			);
			sourceTree = "<group>";
		};
		5FB175E81A87A76900753357 /* Products */ = {
			isa = PBXGroup;
			children = (
				5FB175E71A87A76900753357 /* EmptyApplication.app */,
				5FB176021A87A76900753357 /* EmptyApplicationTests.xctest */,
			);
			name = Products;
			sourceTree = "<group>";
		};
		5FB175E91A87A76900753357 /* Frameworks */ = {
			isa = PBXGroup;
			children = (
				5FB175EA1A87A76900753357 /* Foundation.framework */,
				5FB175EC1A87A76900753357 /* CoreGraphics.framework */,
				5FB175EE1A87A76900753357 /* UIKit.framework */,
				5FB176031A87A76900753357 /* XCTest.framework */,
			);
			name = Frameworks;
			sourceTree = "<group>";
		};
		5FB175F01A87A76900753357 /* EmptyApplication */ = {
			isa = PBXGroup;
			children = (
				5FB175F91A87A76900753357 /* AppDelegate.h */,
				5FB175FA1A87A76900753357 /* AppDelegate.m */,
				681119291A9EBD5D0038EA17 /* FirstTab.h */,
				6811192A1A9EBD5D0038EA17 /* FirstTab.m */,
				6811192B1A9EBD5D0038EA17 /* FirstTab.xib */,
				681119421A9ED0960038EA17 /* SecondTab.h */,
				681119431A9ED0960038EA17 /* SecondTab.m */,
				681119441A9ED0960038EA17 /* SecondTab.xib */,
				681119331A9EBD7B0038EA17 /* ThirdTab.h */,
				681119341A9EBD7B0038EA17 /* ThirdTab.m */,
				681119351A9EBD7B0038EA17 /* ThirdTab.xib */,
				681119471A9ED30F0038EA17 /* AnotherThirdTab.h */,
				681119481A9ED30F0038EA17 /* AnotherThirdTab.m */,
				681119491A9ED30F0038EA17 /* AnotherThirdTab.xib */,
				5FB175FC1A87A76900753357 /* Images.xcassets */,
				5FB175F11A87A76900753357 /* Supporting Files */,
			);
			path = EmptyApplication;
			sourceTree = "<group>";
		};
		5FB175F11A87A76900753357 /* Supporting Files */ = {
			isa = PBXGroup;
			children = (
				5FB175F21A87A76900753357 /* EmptyApplication-Info.plist */,
				5FB175F31A87A76900753357 /* InfoPlist.strings */,
				5FB175F61A87A76900753357 /* main.m */,
				5FB175F81A87A76900753357 /* EmptyApplication-Prefix.pch */,
			);
			name = "Supporting Files";
			sourceTree = "<group>";
		};
		5FB176091A87A76900753357 /* EmptyApplicationTests */ = {
			isa = PBXGroup;
			children = (
				5FB1760F1A87A76900753357 /* EmptyApplicationTests.m */,
				5FB1760A1A87A76900753357 /* Supporting Files */,
			);
			path = EmptyApplicationTests;
			sourceTree = "<group>";
		};
		5FB1760A1A87A76900753357 /* Supporting Files */ = {
			isa = PBXGroup;
			children = (
				5FB1760B1A87A76900753357 /* EmptyApplicationTests-Info.plist */,
				5FB1760C1A87A76900753357 /* InfoPlist.strings */,
			);
			name = "Supporting Files";
			sourceTree = "<group>";
		};
/* End PBXGroup section */

/* Begin PBXNativeTarget section */
		5FB175E61A87A76900753357 /* EmptyApplication */ = {
			isa = PBXNativeTarget;
			buildConfigurationList = 5FB176131A87A76900753357 /* Build configuration list for PBXNativeTarget "EmptyApplication" */;
			buildPhases = (
				5FB175E31A87A76900753357 /* Sources */,
				5FB175E41A87A76900753357 /* Frameworks */,
				5FB175E51A87A76900753357 /* Resources */,
			);
			buildRules = (
			);
			dependencies = (
			);
			name = EmptyApplication;
			productName = EmptyApplication;
			productReference = 5FB175E71A87A76900753357 /* EmptyApplication.app */;
			productType = "com.apple.product-type.application";
		};
		5FB176011A87A76900753357 /* EmptyApplicationTests */ = {
			isa = PBXNativeTarget;
			buildConfigurationList = 5FB176161A87A76900753357 /* Build configuration list for PBXNativeTarget "EmptyApplicationTests" */;
			buildPhases = (
				5FB175FE1A87A76900753357 /* Sources */,
				5FB175FF1A87A76900753357 /* Frameworks */,
				5FB176001A87A76900753357 /* Resources */,
			);
			buildRules = (
			);
			dependencies = (
				5FB176081A87A76900753357 /* PBXTargetDependency */,
			);
			name = EmptyApplicationTests;
			productName = EmptyApplicationTests;
			productReference = 5FB176021A87A76900753357 /* EmptyApplicationTests.xctest */;
			productType = "com.apple.product-type.bundle.unit-test";
		};
/* End PBXNativeTarget section */

/* Begin PBXProject section */
		5FB175DF1A87A76900753357 /* Project object */ = {
			isa = PBXProject;
			attributes = {
				LastUpgradeCheck = 0510;
				ORGANIZATIONNAME = StudentName;
				TargetAttributes = {
					5FB176011A87A76900753357 = {
						TestTargetID = 5FB175E61A87A76900753357;
					};
				};
			};
			buildConfigurationList = 5FB175E21A87A76900753357 /* Build configuration list for PBXProject "EmptyApplication" */;
			compatibilityVersion = "Xcode 3.2";
			developmentRegion = English;
			hasScannedForEncodings = 0;
			knownRegions = (
				en,
			);
			mainGroup = 5FB175DE1A87A76900753357;
			productRefGroup = 5FB175E81A87A76900753357 /* Products */;
			projectDirPath = "";
			projectRoot = "";
			targets = (
				5FB175E61A87A76900753357 /* EmptyApplication */,
				5FB176011A87A76900753357 /* EmptyApplicationTests */,
			);
		};
/* End PBXProject section */

/* Begin PBXResourcesBuildPhase section */
		5FB175E51A87A76900753357 /* Resources */ = {
			isa = PBXResourcesBuildPhase;
			buildActionMask = 2147483647;
			files = (
				6811192D1A9EBD5D0038EA17 /* FirstTab.xib in Resources */,
				681119371A9EBD7B0038EA17 /* ThirdTab.xib in Resources */,
				681119461A9ED0960038EA17 /* SecondTab.xib in Resources */,
				6811194B1A9ED30F0038EA17 /* AnotherThirdTab.xib in Resources */,
				5FB175F51A87A76900753357 /* InfoPlist.strings in Resources */,
				5FB175FD1A87A76900753357 /* Images.xcassets in Resources */,
			);
			runOnlyForDeploymentPostprocessing = 0;
		};
		5FB176001A87A76900753357 /* Resources */ = {
			isa = PBXResourcesBuildPhase;
			buildActionMask = 2147483647;
			files = (
				5FB1760E1A87A76900753357 /* InfoPlist.strings in Resources */,
			);
			runOnlyForDeploymentPostprocessing = 0;
		};
/* End PBXResourcesBuildPhase section */

/* Begin PBXSourcesBuildPhase section */
		5FB175E31A87A76900753357 /* Sources */ = {
			isa = PBXSourcesBuildPhase;
			buildActionMask = 2147483647;
			files = (
				5FB175FB1A87A76900753357 /* AppDelegate.m in Sources */,
				5FB175F71A87A76900753357 /* main.m in Sources */,
				681119451A9ED0960038EA17 /* SecondTab.m in Sources */,
				6811194A1A9ED30F0038EA17 /* AnotherThirdTab.m in Sources */,
				681119361A9EBD7B0038EA17 /* ThirdTab.m in Sources */,
				6811192C1A9EBD5D0038EA17 /* FirstTab.m in Sources */,
			);
			runOnlyForDeploymentPostprocessing = 0;
		};
		5FB175FE1A87A76900753357 /* Sources */ = {
			isa = PBXSourcesBuildPhase;
			buildActionMask = 2147483647;
			files = (
				5FB176101A87A76900753357 /* EmptyApplicationTests.m in Sources */,
			);
			runOnlyForDeploymentPostprocessing = 0;
		};
/* End PBXSourcesBuildPhase section */

/* Begin PBXTargetDependency section */
		5FB176081A87A76900753357 /* PBXTargetDependency */ = {
			isa = PBXTargetDependency;
			target = 5FB175E61A87A76900753357 /* EmptyApplication */;
			targetProxy = 5FB176071A87A76900753357 /* PBXContainerItemProxy */;
		};
/* End PBXTargetDependency section */

/* Begin PBXVariantGroup section */
		5FB175F31A87A76900753357 /* InfoPlist.strings */ = {
			isa = PBXVariantGroup;
			children = (
				5FB175F41A87A76900753357 /* en */,
			);
			name = InfoPlist.strings;
			sourceTree = "<group>";
		};
		5FB1760C1A87A76900753357 /* InfoPlist.strings */ = {
			isa = PBXVariantGroup;
			children = (
				5FB1760D1A87A76900753357 /* en */,
			);
			name = InfoPlist.strings;
			sourceTree = "<group>";
		};
/* End PBXVariantGroup section */

/* Begin XCBuildConfiguration section */
		5FB176111A87A76900753357 /* Debug */ = {
			isa = XCBuildConfiguration;
			buildSettings = {
				ALWAYS_SEARCH_USER_PATHS = NO;
				CLANG_CXX_LANGUAGE_STANDARD = "gnu++0x";
				CLANG_CXX_LIBRARY = "libc++";
				CLANG_ENABLE_MODULES = YES;
				CLANG_ENABLE_OBJC_ARC = YES;
				CLANG_WARN_BOOL_CONVERSION = YES;
				CLANG_WARN_CONSTANT_CONVERSION = YES;
				CLANG_WARN_DIRECT_OBJC_ISA_USAGE = YES_ERROR;
				CLANG_WARN_EMPTY_BODY = YES;
				CLANG_WARN_ENUM_CONVERSION = YES;
				CLANG_WARN_INT_CONVERSION = YES;
				CLANG_WARN_OBJC_ROOT_CLASS = YES_ERROR;
				CLANG_WARN__DUPLICATE_METHOD_MATCH = YES;
				"CODE_SIGN_IDENTITY[sdk=iphoneos*]" = "iPhone Developer";
				COPY_PHASE_STRIP = NO;
				GCC_C_LANGUAGE_STANDARD = gnu99;
				GCC_DYNAMIC_NO_PIC = NO;
				GCC_OPTIMIZATION_LEVEL = 0;
				GCC_PREPROCESSOR_DEFINITIONS = (
					"DEBUG=1",
					"$(inherited)",
				);
				GCC_SYMBOLS_PRIVATE_EXTERN = NO;
				GCC_WARN_64_TO_32_BIT_CONVERSION = YES;
				GCC_WARN_ABOUT_RETURN_TYPE = YES_ERROR;
				GCC_WARN_UNDECLARED_SELECTOR = YES;
				GCC_WARN_UNINITIALIZED_AUTOS = YES_AGGRESSIVE;
				GCC_WARN_UNUSED_FUNCTION = YES;
				GCC_WARN_UNUSED_VARIABLE = YES;
				IPHONEOS_DEPLOYMENT_TARGET = 7.1;
				ONLY_ACTIVE_ARCH = YES;
				SDKROOT = iphoneos;
			};
			name = Debug;
		};
		5FB176121A87A76900753357 /* Release */ = {
			isa = XCBuildConfiguration;
			buildSettings = {
				ALWAYS_SEARCH_USER_PATHS = NO;
				CLANG_CXX_LANGUAGE_STANDARD = "gnu++0x";
				CLANG_CXX_LIBRARY = "libc++";
				CLANG_ENABLE_MODULES = YES;
				CLANG_ENABLE_OBJC_ARC = YES;
				CLANG_WARN_BOOL_CONVERSION = YES;
				CLANG_WARN_CONSTANT_CONVERSION = YES;
				CLANG_WARN_DIRECT_OBJC_ISA_USAGE = YES_ERROR;
				CLANG_WARN_EMPTY_BODY = YES;
				CLANG_WARN_ENUM_CONVERSION = YES;
				CLANG_WARN_INT_CONVERSION = YES;
				CLANG_WARN_OBJC_ROOT_CLASS = YES_ERROR;
				CLANG_WARN__DUPLICATE_METHOD_MATCH = YES;
				"CODE_SIGN_IDENTITY[sdk=iphoneos*]" = "iPhone Developer";
				COPY_PHASE_STRIP = YES;
				ENABLE_NS_ASSERTIONS = NO;
				GCC_C_LANGUAGE_STANDARD = gnu99;
				GCC_WARN_64_TO_32_BIT_CONVERSION = YES;
				GCC_WARN_ABOUT_RETURN_TYPE = YES_ERROR;
				GCC_WARN_UNDECLARED_SELECTOR = YES;
				GCC_WARN_UNINITIALIZED_AUTOS = YES_AGGRESSIVE;
				GCC_WARN_UNUSED_FUNCTION = YES;
				GCC_WARN_UNUSED_VARIABLE = YES;
				IPHONEOS_DEPLOYMENT_TARGET = 7.1;
				SDKROOT = iphoneos;
				VALIDATE_PRODUCT = YES;
			};
			name = Release;
		};
		5FB176141A87A76900753357 /* Debug */ = {
			isa = XCBuildConfiguration;
			buildSettings = {
				ASSETCATALOG_COMPILER_APPICON_NAME = AppIcon;
				ASSETCATALOG_COMPILER_LAUNCHIMAGE_NAME = LaunchImage;
				GCC_PRECOMPILE_PREFIX_HEADER = YES;
				GCC_PREFIX_HEADER = "EmptyApplication/EmptyApplication-Prefix.pch";
				INFOPLIST_FILE = "EmptyApplication/EmptyApplication-Info.plist";
				PRODUCT_NAME = "$(TARGET_NAME)";
				WRAPPER_EXTENSION = app;
			};
			name = Debug;
		};
		5FB176151A87A76900753357 /* Release */ = {
			isa = XCBuildConfiguration;
			buildSettings = {
				ASSETCATALOG_COMPILER_APPICON_NAME = AppIcon;
				ASSETCATALOG_COMPILER_LAUNCHIMAGE_NAME = LaunchImage;
				GCC_PRECOMPILE_PREFIX_HEADER = YES;
				GCC_PREFIX_HEADER = "EmptyApplication/EmptyApplication-Prefix.pch";
				INFOPLIST_FILE = "EmptyApplication/EmptyApplication-Info.plist";
				PRODUCT_NAME = "$(TARGET_NAME)";
				WRAPPER_EXTENSION = app;
			};
			name = Release;
		};
		5FB176171A87A76900753357 /* Debug */ = {
			isa = XCBuildConfiguration;
			buildSettings = {
				BUNDLE_LOADER = "$(BUILT_PRODUCTS_DIR)/EmptyApplication.app/EmptyApplication";
				FRAMEWORK_SEARCH_PATHS = (
					"$(SDKROOT)/Developer/Library/Frameworks",
					"$(inherited)",
					"$(DEVELOPER_FRAMEWORKS_DIR)",
				);
				GCC_PRECOMPILE_PREFIX_HEADER = YES;
				GCC_PREFIX_HEADER = "EmptyApplication/EmptyApplication-Prefix.pch";
				GCC_PREPROCESSOR_DEFINITIONS = (
					"DEBUG=1",
					"$(inherited)",
				);
				INFOPLIST_FILE = "EmptyApplicationTests/EmptyApplicationTests-Info.plist";
				PRODUCT_NAME = "$(TARGET_NAME)";
				TEST_HOST = "$(BUNDLE_LOADER)";
				WRAPPER_EXTENSION = xctest;
			};
			name = Debug;
		};
		5FB176181A87A76900753357 /* Release */ = {
			isa = XCBuildConfiguration;
			buildSettings = {
				BUNDLE_LOADER = "$(BUILT_PRODUCTS_DIR)/EmptyApplication.app/EmptyApplication";
				FRAMEWORK_SEARCH_PATHS = (
					"$(SDKROOT)/Developer/Library/Frameworks",
					"$(inherited)",
					"$(DEVELOPER_FRAMEWORKS_DIR)",
				);
				GCC_PRECOMPILE_PREFIX_HEADER = YES;
				GCC_PREFIX_HEADER = "EmptyApplication/EmptyApplication-Prefix.pch";
				INFOPLIST_FILE = "EmptyApplicationTests/EmptyApplicationTests-Info.plist";
				PRODUCT_NAME = "$(TARGET_NAME)";
				TEST_HOST = "$(BUNDLE_LOADER)";
				WRAPPER_EXTENSION = xctest;
			};
			name = Release;
		};
/* End XCBuildConfiguration section */

/* Begin XCConfigurationList section */
		5FB175E21A87A76900753357 /* Build configuration list for PBXProject "EmptyApplication" */ = {
			isa = XCConfigurationList;
			buildConfigurations = (
				5FB176111A87A76900753357 /* Debug */,
				5FB176121A87A76900753357 /* Release */,
			);
			defaultConfigurationIsVisible = 0;
			defaultConfigurationName = Release;
		};
		5FB176131A87A76900753357 /* Build configuration list for PBXNativeTarget "EmptyApplication" */ = {
			isa = XCConfigurationList;
			buildConfigurations = (
				5FB176141A87A76900753357 /* Debug */,
				5FB176151A87A76900753357 /* Release */,
			);
			defaultConfigurationIsVisible = 0;
			defaultConfigurationName = Release;
		};
		5FB176161A87A76900753357 /* Build configuration list for PBXNativeTarget "EmptyApplicationTests" */ = {
			isa = XCConfigurationList;
			buildConfigurations = (
				5FB176171A87A76900753357 /* Debug */,
				5FB176181A87A76900753357 /* Release */,
			);
			defaultConfigurationIsVisible = 0;
			defaultConfigurationName = Release;
		};
/* End XCConfigurationList section */
	};
	rootObject = 5FB175DF1A87A76900753357 /* Project object */;
}
